// !$*UTF8*$!
{
	archiveVersion = 1;
	classes = {
	};
	objectVersion = 56;
	objects = {

/* Begin PBXBuildFile section */
		DD8637F92A565C3900E83073 /* MenuTableViewManager.swift in Sources */ = {isa = PBXBuildFile; fileRef = DD8637F82A565C3900E83073 /* MenuTableViewManager.swift */; };
		DD8637FC2A56663100E83073 /* MenuView.swift in Sources */ = {isa = PBXBuildFile; fileRef = DD8637FB2A56663100E83073 /* MenuView.swift */; };
		DD88F44B2A5126D9000E6CE9 /* Ingredient.swift in Sources */ = {isa = PBXBuildFile; fileRef = DD88F44A2A5126D9000E6CE9 /* Ingredient.swift */; };
		DD88F44D2A51279B000E6CE9 /* IngredientsService.swift in Sources */ = {isa = PBXBuildFile; fileRef = DD88F44C2A51279B000E6CE9 /* IngredientsService.swift */; };
		DD8B4F452A500CDD00D29752 /* DetailCollectionViewManager.swift in Sources */ = {isa = PBXBuildFile; fileRef = DD8B4F442A500CDD00D29752 /* DetailCollectionViewManager.swift */; };
		DD8B67A02A4DD313005251F0 /* AppDelegate.swift in Sources */ = {isa = PBXBuildFile; fileRef = DD8B679F2A4DD313005251F0 /* AppDelegate.swift */; };
		DD8B67A22A4DD313005251F0 /* SceneDelegate.swift in Sources */ = {isa = PBXBuildFile; fileRef = DD8B67A12A4DD313005251F0 /* SceneDelegate.swift */; };
		DD8B67A42A4DD313005251F0 /* MenuScreenVC.swift in Sources */ = {isa = PBXBuildFile; fileRef = DD8B67A32A4DD313005251F0 /* MenuScreenVC.swift */; };
		DD8B67A92A4DD31B005251F0 /* Assets.xcassets in Resources */ = {isa = PBXBuildFile; fileRef = DD8B67A82A4DD31B005251F0 /* Assets.xcassets */; };
		DD8B67AC2A4DD31B005251F0 /* LaunchScreen.storyboard in Resources */ = {isa = PBXBuildFile; fileRef = DD8B67AA2A4DD31B005251F0 /* LaunchScreen.storyboard */; };
		DD8B67B52A4DD8D6005251F0 /* SnapKit in Frameworks */ = {isa = PBXBuildFile; productRef = DD8B67B42A4DD8D6005251F0 /* SnapKit */; };
		DD8C1C022A4E704D00BDEDB7 /* ProductCell.swift in Sources */ = {isa = PBXBuildFile; fileRef = DD8C1C012A4E704D00BDEDB7 /* ProductCell.swift */; };
		DD8C1C072A4E834C00BDEDB7 /* Product.swift in Sources */ = {isa = PBXBuildFile; fileRef = DD8C1C062A4E834C00BDEDB7 /* Product.swift */; };
		DD8C1C0A2A4E85E200BDEDB7 /* ProductService.swift in Sources */ = {isa = PBXBuildFile; fileRef = DD8C1C092A4E85E200BDEDB7 /* ProductService.swift */; };
		DD8C1C0E2A4E99E700BDEDB7 /* DetailScreenVC.swift in Sources */ = {isa = PBXBuildFile; fileRef = DD8C1C0D2A4E99E700BDEDB7 /* DetailScreenVC.swift */; };
		DD8CAE112A5275960089D4B8 /* DetailView.swift in Sources */ = {isa = PBXBuildFile; fileRef = DD8CAE102A5275960089D4B8 /* DetailView.swift */; };
		DD8CAE162A529D2A0089D4B8 /* GenericViewController.swift in Sources */ = {isa = PBXBuildFile; fileRef = DD8CAE152A529D2A0089D4B8 /* GenericViewController.swift */; };
		DDEC9EBE2A4EAB8D006305E7 /* PhotoCollectionCell.swift in Sources */ = {isa = PBXBuildFile; fileRef = DDEC9EBD2A4EAB8D006305E7 /* PhotoCollectionCell.swift */; };
/* End PBXBuildFile section */

/* Begin PBXFileReference section */
		DD8637F82A565C3900E83073 /* MenuTableViewManager.swift */ = {isa = PBXFileReference; lastKnownFileType = sourcecode.swift; path = MenuTableViewManager.swift; sourceTree = "<group>"; };
		DD8637FB2A56663100E83073 /* MenuView.swift */ = {isa = PBXFileReference; lastKnownFileType = sourcecode.swift; path = MenuView.swift; sourceTree = "<group>"; };
		DD88F44A2A5126D9000E6CE9 /* Ingredient.swift */ = {isa = PBXFileReference; lastKnownFileType = sourcecode.swift; path = Ingredient.swift; sourceTree = "<group>"; };
		DD88F44C2A51279B000E6CE9 /* IngredientsService.swift */ = {isa = PBXFileReference; lastKnownFileType = sourcecode.swift; path = IngredientsService.swift; sourceTree = "<group>"; };
		DD8B4F442A500CDD00D29752 /* DetailCollectionViewManager.swift */ = {isa = PBXFileReference; lastKnownFileType = sourcecode.swift; path = DetailCollectionViewManager.swift; sourceTree = "<group>"; };
		DD8B679C2A4DD313005251F0 /* ProjectDoDo.app */ = {isa = PBXFileReference; explicitFileType = wrapper.application; includeInIndex = 0; path = ProjectDoDo.app; sourceTree = BUILT_PRODUCTS_DIR; };
		DD8B679F2A4DD313005251F0 /* AppDelegate.swift */ = {isa = PBXFileReference; lastKnownFileType = sourcecode.swift; path = AppDelegate.swift; sourceTree = "<group>"; };
		DD8B67A12A4DD313005251F0 /* SceneDelegate.swift */ = {isa = PBXFileReference; lastKnownFileType = sourcecode.swift; path = SceneDelegate.swift; sourceTree = "<group>"; };
		DD8B67A32A4DD313005251F0 /* MenuScreenVC.swift */ = {isa = PBXFileReference; lastKnownFileType = sourcecode.swift; path = MenuScreenVC.swift; sourceTree = "<group>"; };
		DD8B67A82A4DD31B005251F0 /* Assets.xcassets */ = {isa = PBXFileReference; lastKnownFileType = folder.assetcatalog; path = Assets.xcassets; sourceTree = "<group>"; };
		DD8B67AB2A4DD31B005251F0 /* Base */ = {isa = PBXFileReference; lastKnownFileType = file.storyboard; name = Base; path = Base.lproj/LaunchScreen.storyboard; sourceTree = "<group>"; };
		DD8B67AD2A4DD31B005251F0 /* Info.plist */ = {isa = PBXFileReference; lastKnownFileType = text.plist.xml; path = Info.plist; sourceTree = "<group>"; };
		DD8C1C012A4E704D00BDEDB7 /* ProductCell.swift */ = {isa = PBXFileReference; lastKnownFileType = sourcecode.swift; path = ProductCell.swift; sourceTree = "<group>"; };
		DD8C1C062A4E834C00BDEDB7 /* Product.swift */ = {isa = PBXFileReference; lastKnownFileType = sourcecode.swift; path = Product.swift; sourceTree = "<group>"; };
		DD8C1C092A4E85E200BDEDB7 /* ProductService.swift */ = {isa = PBXFileReference; lastKnownFileType = sourcecode.swift; path = ProductService.swift; sourceTree = "<group>"; };
		DD8C1C0D2A4E99E700BDEDB7 /* DetailScreenVC.swift */ = {isa = PBXFileReference; lastKnownFileType = sourcecode.swift; path = DetailScreenVC.swift; sourceTree = "<group>"; };
		DD8CAE102A5275960089D4B8 /* DetailView.swift */ = {isa = PBXFileReference; lastKnownFileType = sourcecode.swift; path = DetailView.swift; sourceTree = "<group>"; };
		DD8CAE152A529D2A0089D4B8 /* GenericViewController.swift */ = {isa = PBXFileReference; lastKnownFileType = sourcecode.swift; path = GenericViewController.swift; sourceTree = "<group>"; };
		DDEC9EBD2A4EAB8D006305E7 /* PhotoCollectionCell.swift */ = {isa = PBXFileReference; lastKnownFileType = sourcecode.swift; path = PhotoCollectionCell.swift; sourceTree = "<group>"; };
/* End PBXFileReference section */

/* Begin PBXFrameworksBuildPhase section */
		DD8B67992A4DD313005251F0 /* Frameworks */ = {
			isa = PBXFrameworksBuildPhase;
			buildActionMask = 2147483647;
			files = (
				DD8B67B52A4DD8D6005251F0 /* SnapKit in Frameworks */,
			);
			runOnlyForDeploymentPostprocessing = 0;
		};
/* End PBXFrameworksBuildPhase section */

/* Begin PBXGroup section */
		DD8637FA2A56660F00E83073 /* View */ = {
			isa = PBXGroup;
			children = (
				DD8637FB2A56663100E83073 /* MenuView.swift */,
				DD8637F82A565C3900E83073 /* MenuTableViewManager.swift */,
			);
			path = View;
			sourceTree = "<group>";
		};
		DD8637FD2A56ACF000E83073 /* Extensions */ = {
			isa = PBXGroup;
			children = (
			);
			path = Extensions;
			sourceTree = "<group>";
		};
		DD8B67932A4DD313005251F0 = {
			isa = PBXGroup;
			children = (
				DD8B679E2A4DD313005251F0 /* ProjectDoDo */,
				DD8B679D2A4DD313005251F0 /* Products */,
			);
			sourceTree = "<group>";
		};
		DD8B679D2A4DD313005251F0 /* Products */ = {
			isa = PBXGroup;
			children = (
				DD8B679C2A4DD313005251F0 /* ProjectDoDo.app */,
			);
			name = Products;
			sourceTree = "<group>";
		};
		DD8B679E2A4DD313005251F0 /* ProjectDoDo */ = {
			isa = PBXGroup;
			children = (
				DDBE5F1F2A4DE61A006D8DC2 /* App */,
				DDBE5F202A4DE629006D8DC2 /* Screens */,
				DD8C1C082A4E856F00BDEDB7 /* Services */,
				DD8C1C052A4E833C00BDEDB7 /* Models */,
				DD8637FD2A56ACF000E83073 /* Extensions */,
				DDBE5F222A4DE692006D8DC2 /* Resources */,
			);
			path = ProjectDoDo;
			sourceTree = "<group>";
		};
		DD8C1C052A4E833C00BDEDB7 /* Models */ = {
			isa = PBXGroup;
			children = (
				DD8C1C062A4E834C00BDEDB7 /* Product.swift */,
				DD88F44A2A5126D9000E6CE9 /* Ingredient.swift */,
			);
			path = Models;
			sourceTree = "<group>";
		};
		DD8C1C082A4E856F00BDEDB7 /* Services */ = {
			isa = PBXGroup;
			children = (
				DD8C1C092A4E85E200BDEDB7 /* ProductService.swift */,
				DD88F44C2A51279B000E6CE9 /* IngredientsService.swift */,
			);
			path = Services;
			sourceTree = "<group>";
		};
		DD8C1C0B2A4E98BE00BDEDB7 /* Cells */ = {
			isa = PBXGroup;
			children = (
				DD8C1C012A4E704D00BDEDB7 /* ProductCell.swift */,
			);
			path = Cells;
			sourceTree = "<group>";
		};
		DD8C1C0C2A4E99AE00BDEDB7 /* Detail */ = {
			isa = PBXGroup;
			children = (
				DD8C1C0D2A4E99E700BDEDB7 /* DetailScreenVC.swift */,
				DD8CAE122A5275A80089D4B8 /* View */,
				DDEC9EBC2A4EAB67006305E7 /* Cells */,
			);
			path = Detail;
			sourceTree = "<group>";
		};
		DD8CAE122A5275A80089D4B8 /* View */ = {
			isa = PBXGroup;
			children = (
				DD8CAE102A5275960089D4B8 /* DetailView.swift */,
				DD8B4F442A500CDD00D29752 /* DetailCollectionViewManager.swift */,
			);
			path = View;
			sourceTree = "<group>";
		};
		DD8CAE142A529D0F0089D4B8 /* Helpers */ = {
			isa = PBXGroup;
			children = (
				DD8CAE152A529D2A0089D4B8 /* GenericViewController.swift */,
			);
			path = Helpers;
			sourceTree = "<group>";
		};
		DDBE5F1F2A4DE61A006D8DC2 /* App */ = {
			isa = PBXGroup;
			children = (
				DD8B679F2A4DD313005251F0 /* AppDelegate.swift */,
				DD8B67A12A4DD313005251F0 /* SceneDelegate.swift */,
			);
			path = App;
			sourceTree = "<group>";
		};
		DDBE5F202A4DE629006D8DC2 /* Screens */ = {
			isa = PBXGroup;
			children = (
				DDBE5F212A4DE633006D8DC2 /* Menu */,
				DD8C1C0C2A4E99AE00BDEDB7 /* Detail */,
			);
			path = Screens;
			sourceTree = "<group>";
		};
		DDBE5F212A4DE633006D8DC2 /* Menu */ = {
			isa = PBXGroup;
			children = (
				DD8B67A32A4DD313005251F0 /* MenuScreenVC.swift */,
				DD8637FA2A56660F00E83073 /* View */,
				DD8C1C0B2A4E98BE00BDEDB7 /* Cells */,
			);
			path = Menu;
			sourceTree = "<group>";
		};
		DDBE5F222A4DE692006D8DC2 /* Resources */ = {
			isa = PBXGroup;
			children = (
				DD8CAE142A529D0F0089D4B8 /* Helpers */,
				DD8B67A82A4DD31B005251F0 /* Assets.xcassets */,
				DD8B67AA2A4DD31B005251F0 /* LaunchScreen.storyboard */,
				DD8B67AD2A4DD31B005251F0 /* Info.plist */,
			);
			path = Resources;
			sourceTree = "<group>";
		};
		DDEC9EBC2A4EAB67006305E7 /* Cells */ = {
			isa = PBXGroup;
			children = (
				DDEC9EBD2A4EAB8D006305E7 /* PhotoCollectionCell.swift */,
			);
			path = Cells;
			sourceTree = "<group>";
		};
/* End PBXGroup section */

/* Begin PBXNativeTarget section */
		DD8B679B2A4DD313005251F0 /* ProjectDoDo */ = {
			isa = PBXNativeTarget;
			buildConfigurationList = DD8B67B02A4DD31B005251F0 /* Build configuration list for PBXNativeTarget "ProjectDoDo" */;
			buildPhases = (
				DD8B67982A4DD313005251F0 /* Sources */,
				DD8B67992A4DD313005251F0 /* Frameworks */,
				DD8B679A2A4DD313005251F0 /* Resources */,
			);
			buildRules = (
			);
			dependencies = (
			);
			name = ProjectDoDo;
			packageProductDependencies = (
				DD8B67B42A4DD8D6005251F0 /* SnapKit */,
			);
			productName = ProjectDoDo;
			productReference = DD8B679C2A4DD313005251F0 /* ProjectDoDo.app */;
			productType = "com.apple.product-type.application";
		};
/* End PBXNativeTarget section */

/* Begin PBXProject section */
		DD8B67942A4DD313005251F0 /* Project object */ = {
			isa = PBXProject;
			attributes = {
				BuildIndependentTargetsInParallel = 1;
				LastSwiftUpdateCheck = 1420;
				LastUpgradeCheck = 1420;
				TargetAttributes = {
					DD8B679B2A4DD313005251F0 = {
						CreatedOnToolsVersion = 14.2;
					};
				};
			};
			buildConfigurationList = DD8B67972A4DD313005251F0 /* Build configuration list for PBXProject "ProjectDoDo" */;
			compatibilityVersion = "Xcode 14.0";
			developmentRegion = en;
			hasScannedForEncodings = 0;
			knownRegions = (
				en,
				Base,
			);
			mainGroup = DD8B67932A4DD313005251F0;
			packageReferences = (
				DD8B67B32A4DD8D6005251F0 /* XCRemoteSwiftPackageReference "SnapKit" */,
			);
			productRefGroup = DD8B679D2A4DD313005251F0 /* Products */;
			projectDirPath = "";
			projectRoot = "";
			targets = (
				DD8B679B2A4DD313005251F0 /* ProjectDoDo */,
			);
		};
/* End PBXProject section */

/* Begin PBXResourcesBuildPhase section */
		DD8B679A2A4DD313005251F0 /* Resources */ = {
			isa = PBXResourcesBuildPhase;
			buildActionMask = 2147483647;
			files = (
				DD8B67AC2A4DD31B005251F0 /* LaunchScreen.storyboard in Resources */,
				DD8B67A92A4DD31B005251F0 /* Assets.xcassets in Resources */,
			);
			runOnlyForDeploymentPostprocessing = 0;
		};
/* End PBXResourcesBuildPhase section */

/* Begin PBXSourcesBuildPhase section */
		DD8B67982A4DD313005251F0 /* Sources */ = {
			isa = PBXSourcesBuildPhase;
			buildActionMask = 2147483647;
			files = (
				DD88F44D2A51279B000E6CE9 /* IngredientsService.swift in Sources */,
				DD88F44B2A5126D9000E6CE9 /* Ingredient.swift in Sources */,
				DD8B67A42A4DD313005251F0 /* MenuScreenVC.swift in Sources */,
				DD8B67A02A4DD313005251F0 /* AppDelegate.swift in Sources */,
				DD8CAE162A529D2A0089D4B8 /* GenericViewController.swift in Sources */,
				DDEC9EBE2A4EAB8D006305E7 /* PhotoCollectionCell.swift in Sources */,
				DD8B4F452A500CDD00D29752 /* DetailCollectionViewManager.swift in Sources */,
				DD8C1C0E2A4E99E700BDEDB7 /* DetailScreenVC.swift in Sources */,
				DD8637FC2A56663100E83073 /* MenuView.swift in Sources */,
				DD8C1C022A4E704D00BDEDB7 /* ProductCell.swift in Sources */,
				DD8637F92A565C3900E83073 /* MenuTableViewManager.swift in Sources */,
				DD8B67A22A4DD313005251F0 /* SceneDelegate.swift in Sources */,
				DD8C1C0A2A4E85E200BDEDB7 /* ProductService.swift in Sources */,
				DD8C1C072A4E834C00BDEDB7 /* Product.swift in Sources */,
				DD8CAE112A5275960089D4B8 /* DetailView.swift in Sources */,
			);
			runOnlyForDeploymentPostprocessing = 0;
		};
/* End PBXSourcesBuildPhase section */

/* Begin PBXVariantGroup section */
		DD8B67AA2A4DD31B005251F0 /* LaunchScreen.storyboard */ = {
			isa = PBXVariantGroup;
			children = (
				DD8B67AB2A4DD31B005251F0 /* Base */,
			);
			name = LaunchScreen.storyboard;
			sourceTree = "<group>";
		};
/* End PBXVariantGroup section */

/* Begin XCBuildConfiguration section */
		DD8B67AE2A4DD31B005251F0 /* Debug */ = {
			isa = XCBuildConfiguration;
			buildSettings = {
				ALWAYS_SEARCH_USER_PATHS = NO;
				CLANG_ANALYZER_NONNULL = YES;
				CLANG_ANALYZER_NUMBER_OBJECT_CONVERSION = YES_AGGRESSIVE;
				CLANG_CXX_LANGUAGE_STANDARD = "gnu++20";
				CLANG_ENABLE_MODULES = YES;
				CLANG_ENABLE_OBJC_ARC = YES;
				CLANG_ENABLE_OBJC_WEAK = YES;
				CLANG_WARN_BLOCK_CAPTURE_AUTORELEASING = YES;
				CLANG_WARN_BOOL_CONVERSION = YES;
				CLANG_WARN_COMMA = YES;
				CLANG_WARN_CONSTANT_CONVERSION = YES;
				CLANG_WARN_DEPRECATED_OBJC_IMPLEMENTATIONS = YES;
				CLANG_WARN_DIRECT_OBJC_ISA_USAGE = YES_ERROR;
				CLANG_WARN_DOCUMENTATION_COMMENTS = YES;
				CLANG_WARN_EMPTY_BODY = YES;
				CLANG_WARN_ENUM_CONVERSION = YES;
				CLANG_WARN_INFINITE_RECURSION = YES;
				CLANG_WARN_INT_CONVERSION = YES;
				CLANG_WARN_NON_LITERAL_NULL_CONVERSION = YES;
				CLANG_WARN_OBJC_IMPLICIT_RETAIN_SELF = YES;
				CLANG_WARN_OBJC_LITERAL_CONVERSION = YES;
				CLANG_WARN_OBJC_ROOT_CLASS = YES_ERROR;
				CLANG_WARN_QUOTED_INCLUDE_IN_FRAMEWORK_HEADER = YES;
				CLANG_WARN_RANGE_LOOP_ANALYSIS = YES;
				CLANG_WARN_STRICT_PROTOTYPES = YES;
				CLANG_WARN_SUSPICIOUS_MOVE = YES;
				CLANG_WARN_UNGUARDED_AVAILABILITY = YES_AGGRESSIVE;
				CLANG_WARN_UNREACHABLE_CODE = YES;
				CLANG_WARN__DUPLICATE_METHOD_MATCH = YES;
				COPY_PHASE_STRIP = NO;
				DEBUG_INFORMATION_FORMAT = dwarf;
				ENABLE_STRICT_OBJC_MSGSEND = YES;
				ENABLE_TESTABILITY = YES;
				GCC_C_LANGUAGE_STANDARD = gnu11;
				GCC_DYNAMIC_NO_PIC = NO;
				GCC_NO_COMMON_BLOCKS = YES;
				GCC_OPTIMIZATION_LEVEL = 0;
				GCC_PREPROCESSOR_DEFINITIONS = (
					"DEBUG=1",
					"$(inherited)",
				);
				GCC_WARN_64_TO_32_BIT_CONVERSION = YES;
				GCC_WARN_ABOUT_RETURN_TYPE = YES_ERROR;
				GCC_WARN_UNDECLARED_SELECTOR = YES;
				GCC_WARN_UNINITIALIZED_AUTOS = YES_AGGRESSIVE;
				GCC_WARN_UNUSED_FUNCTION = YES;
				GCC_WARN_UNUSED_VARIABLE = YES;
				IPHONEOS_DEPLOYMENT_TARGET = 13.0;
				MTL_ENABLE_DEBUG_INFO = INCLUDE_SOURCE;
				MTL_FAST_MATH = YES;
				ONLY_ACTIVE_ARCH = YES;
				SDKROOT = iphoneos;
				SWIFT_ACTIVE_COMPILATION_CONDITIONS = DEBUG;
				SWIFT_OPTIMIZATION_LEVEL = "-Onone";
			};
			name = Debug;
		};
		DD8B67AF2A4DD31B005251F0 /* Release */ = {
			isa = XCBuildConfiguration;
			buildSettings = {
				ALWAYS_SEARCH_USER_PATHS = NO;
				CLANG_ANALYZER_NONNULL = YES;
				CLANG_ANALYZER_NUMBER_OBJECT_CONVERSION = YES_AGGRESSIVE;
				CLANG_CXX_LANGUAGE_STANDARD = "gnu++20";
				CLANG_ENABLE_MODULES = YES;
				CLANG_ENABLE_OBJC_ARC = YES;
				CLANG_ENABLE_OBJC_WEAK = YES;
				CLANG_WARN_BLOCK_CAPTURE_AUTORELEASING = YES;
				CLANG_WARN_BOOL_CONVERSION = YES;
				CLANG_WARN_COMMA = YES;
				CLANG_WARN_CONSTANT_CONVERSION = YES;
				CLANG_WARN_DEPRECATED_OBJC_IMPLEMENTATIONS = YES;
				CLANG_WARN_DIRECT_OBJC_ISA_USAGE = YES_ERROR;
				CLANG_WARN_DOCUMENTATION_COMMENTS = YES;
				CLANG_WARN_EMPTY_BODY = YES;
				CLANG_WARN_ENUM_CONVERSION = YES;
				CLANG_WARN_INFINITE_RECURSION = YES;
				CLANG_WARN_INT_CONVERSION = YES;
				CLANG_WARN_NON_LITERAL_NULL_CONVERSION = YES;
				CLANG_WARN_OBJC_IMPLICIT_RETAIN_SELF = YES;
				CLANG_WARN_OBJC_LITERAL_CONVERSION = YES;
				CLANG_WARN_OBJC_ROOT_CLASS = YES_ERROR;
				CLANG_WARN_QUOTED_INCLUDE_IN_FRAMEWORK_HEADER = YES;
				CLANG_WARN_RANGE_LOOP_ANALYSIS = YES;
				CLANG_WARN_STRICT_PROTOTYPES = YES;
				CLANG_WARN_SUSPICIOUS_MOVE = YES;
				CLANG_WARN_UNGUARDED_AVAILABILITY = YES_AGGRESSIVE;
				CLANG_WARN_UNREACHABLE_CODE = YES;
				CLANG_WARN__DUPLICATE_METHOD_MATCH = YES;
				COPY_PHASE_STRIP = NO;
				DEBUG_INFORMATION_FORMAT = "dwarf-with-dsym";
				ENABLE_NS_ASSERTIONS = NO;
				ENABLE_STRICT_OBJC_MSGSEND = YES;
				GCC_C_LANGUAGE_STANDARD = gnu11;
				GCC_NO_COMMON_BLOCKS = YES;
				GCC_WARN_64_TO_32_BIT_CONVERSION = YES;
				GCC_WARN_ABOUT_RETURN_TYPE = YES_ERROR;
				GCC_WARN_UNDECLARED_SELECTOR = YES;
				GCC_WARN_UNINITIALIZED_AUTOS = YES_AGGRESSIVE;
				GCC_WARN_UNUSED_FUNCTION = YES;
				GCC_WARN_UNUSED_VARIABLE = YES;
				IPHONEOS_DEPLOYMENT_TARGET = 13.0;
				MTL_ENABLE_DEBUG_INFO = NO;
				MTL_FAST_MATH = YES;
				SDKROOT = iphoneos;
				SWIFT_COMPILATION_MODE = wholemodule;
				SWIFT_OPTIMIZATION_LEVEL = "-O";
				VALIDATE_PRODUCT = YES;
			};
			name = Release;
		};
		DD8B67B12A4DD31B005251F0 /* Debug */ = {
			isa = XCBuildConfiguration;
			buildSettings = {
				ASSETCATALOG_COMPILER_APPICON_NAME = AppIcon;
				ASSETCATALOG_COMPILER_GLOBAL_ACCENT_COLOR_NAME = AccentColor;
				CODE_SIGN_STYLE = Automatic;
				CURRENT_PROJECT_VERSION = 1;
				DEVELOPMENT_TEAM = 7YW3V66545;
				GENERATE_INFOPLIST_FILE = YES;
				INFOPLIST_FILE = ProjectDoDo/Resources/Info.plist;
				INFOPLIST_KEY_UIApplicationSupportsIndirectInputEvents = YES;
				INFOPLIST_KEY_UILaunchStoryboardName = LaunchScreen.storyboard;
				INFOPLIST_KEY_UISupportedInterfaceOrientations = UIInterfaceOrientationPortrait;
				INFOPLIST_KEY_UISupportedInterfaceOrientations_iPad = "UIInterfaceOrientationLandscapeLeft UIInterfaceOrientationLandscapeRight UIInterfaceOrientationPortrait UIInterfaceOrientationPortraitUpsideDown";
				IPHONEOS_DEPLOYMENT_TARGET = 13.0;
				LD_RUNPATH_SEARCH_PATHS = (
					"$(inherited)",
					"@executable_path/Frameworks",
				);
				MARKETING_VERSION = 1.0;
				PRODUCT_BUNDLE_IDENTIFIER = Hieronius.ProjectDoDo;
				PRODUCT_NAME = "$(TARGET_NAME)";
				SUPPORTED_PLATFORMS = "iphoneos iphonesimulator";
				SUPPORTS_MACCATALYST = NO;
				SUPPORTS_MAC_DESIGNED_FOR_IPHONE_IPAD = NO;
				SWIFT_EMIT_LOC_STRINGS = YES;
				SWIFT_VERSION = 5.0;
				TARGETED_DEVICE_FAMILY = 1;
			};
			name = Debug;
		};
		DD8B67B22A4DD31B005251F0 /* Release */ = {
			isa = XCBuildConfiguration;
			buildSettings = {
				ASSETCATALOG_COMPILER_APPICON_NAME = AppIcon;
				ASSETCATALOG_COMPILER_GLOBAL_ACCENT_COLOR_NAME = AccentColor;
				CODE_SIGN_STYLE = Automatic;
				CURRENT_PROJECT_VERSION = 1;
				DEVELOPMENT_TEAM = 7YW3V66545;
				GENERATE_INFOPLIST_FILE = YES;
				INFOPLIST_FILE = ProjectDoDo/Resources/Info.plist;
				INFOPLIST_KEY_UIApplicationSupportsIndirectInputEvents = YES;
				INFOPLIST_KEY_UILaunchStoryboardName = LaunchScreen.storyboard;
				INFOPLIST_KEY_UISupportedInterfaceOrientations = UIInterfaceOrientationPortrait;
				INFOPLIST_KEY_UISupportedInterfaceOrientations_iPad = "UIInterfaceOrientationLandscapeLeft UIInterfaceOrientationLandscapeRight UIInterfaceOrientationPortrait UIInterfaceOrientationPortraitUpsideDown";
				IPHONEOS_DEPLOYMENT_TARGET = 13.0;
				LD_RUNPATH_SEARCH_PATHS = (
					"$(inherited)",
					"@executable_path/Frameworks",
				);
				MARKETING_VERSION = 1.0;
				PRODUCT_BUNDLE_IDENTIFIER = Hieronius.ProjectDoDo;
				PRODUCT_NAME = "$(TARGET_NAME)";
				SUPPORTED_PLATFORMS = "iphoneos iphonesimulator";
				SUPPORTS_MACCATALYST = NO;
				SUPPORTS_MAC_DESIGNED_FOR_IPHONE_IPAD = NO;
				SWIFT_EMIT_LOC_STRINGS = YES;
				SWIFT_VERSION = 5.0;
				TARGETED_DEVICE_FAMILY = 1;
			};
			name = Release;
		};
/* End XCBuildConfiguration section */

/* Begin XCConfigurationList section */
		DD8B67972A4DD313005251F0 /* Build configuration list for PBXProject "ProjectDoDo" */ = {
			isa = XCConfigurationList;
			buildConfigurations = (
				DD8B67AE2A4DD31B005251F0 /* Debug */,
				DD8B67AF2A4DD31B005251F0 /* Release */,
			);
			defaultConfigurationIsVisible = 0;
			defaultConfigurationName = Release;
		};
		DD8B67B02A4DD31B005251F0 /* Build configuration list for PBXNativeTarget "ProjectDoDo" */ = {
			isa = XCConfigurationList;
			buildConfigurations = (
				DD8B67B12A4DD31B005251F0 /* Debug */,
				DD8B67B22A4DD31B005251F0 /* Release */,
			);
			defaultConfigurationIsVisible = 0;
			defaultConfigurationName = Release;
		};
/* End XCConfigurationList section */

/* Begin XCRemoteSwiftPackageReference section */
		DD8B67B32A4DD8D6005251F0 /* XCRemoteSwiftPackageReference "SnapKit" */ = {
			isa = XCRemoteSwiftPackageReference;
			repositoryURL = "https://github.com/SnapKit/SnapKit.git";
			requirement = {
				branch = develop;
				kind = branch;
			};
		};
/* End XCRemoteSwiftPackageReference section */

/* Begin XCSwiftPackageProductDependency section */
		DD8B67B42A4DD8D6005251F0 /* SnapKit */ = {
			isa = XCSwiftPackageProductDependency;
			package = DD8B67B32A4DD8D6005251F0 /* XCRemoteSwiftPackageReference "SnapKit" */;
			productName = SnapKit;
		};
/* End XCSwiftPackageProductDependency section */
	};
	rootObject = DD8B67942A4DD313005251F0 /* Project object */;
}
